// !$*UTF8*$!
{
	archiveVersion = 1;
	classes = {
	};
	objectVersion = 56;
	objects = {

/* Begin PBXBuildFile section */
		CF31974F2B3DDF2B000A56DC /* main.swift in Sources */ = {isa = PBXBuildFile; fileRef = CF31974E2B3DDF2B000A56DC /* main.swift */; };
		CF3197562B3DDF37000A56DC /* LinkedList.swift in Sources */ = {isa = PBXBuildFile; fileRef = CF3197552B3DDF37000A56DC /* LinkedList.swift */; };
		CF3197582B3DDF4F000A56DC /* Node.swift in Sources */ = {isa = PBXBuildFile; fileRef = CF3197572B3DDF4F000A56DC /* Node.swift */; };
		CF31975A2B3DDF6C000A56DC /* LinkedListTests.swift in Sources */ = {isa = PBXBuildFile; fileRef = CF3197592B3DDF6C000A56DC /* LinkedListTests.swift */; };
		CF5C868C2B56C96100C16A11 /* QueueLinkedList.swift in Sources */ = {isa = PBXBuildFile; fileRef = CF5C868B2B56C96100C16A11 /* QueueLinkedList.swift */; };
		CF5C86922B56CA8E00C16A11 /* DoublyLinkedList.swift in Sources */ = {isa = PBXBuildFile; fileRef = CF5C86912B56CA8E00C16A11 /* DoublyLinkedList.swift */; };
		CF5C86942B56CCD900C16A11 /* DoublyLinkedList.Node.swift in Sources */ = {isa = PBXBuildFile; fileRef = CF5C86932B56CCD900C16A11 /* DoublyLinkedList.Node.swift */; };
		CF5C86962B56D18300C16A11 /* QueueLinkedListTests.swift in Sources */ = {isa = PBXBuildFile; fileRef = CF5C86952B56D18300C16A11 /* QueueLinkedListTests.swift */; };
		CF5C86992B583F1A00C16A11 /* RingBuffer.swift in Sources */ = {isa = PBXBuildFile; fileRef = CF5C86982B583F1A00C16A11 /* RingBuffer.swift */; };
		CF5C869C2B5844EA00C16A11 /* QueueRingBuffer.swift in Sources */ = {isa = PBXBuildFile; fileRef = CF5C869B2B5844EA00C16A11 /* QueueRingBuffer.swift */; };
		CFB081AF2B40324F006029A8 /* Stack.swift in Sources */ = {isa = PBXBuildFile; fileRef = CFB081AE2B40324F006029A8 /* Stack.swift */; };
		CFB081B12B40326E006029A8 /* StackTests.swift in Sources */ = {isa = PBXBuildFile; fileRef = CFB081B02B40326E006029A8 /* StackTests.swift */; };
		CFB081B42B42B7C5006029A8 /* Queue.swift in Sources */ = {isa = PBXBuildFile; fileRef = CFB081B32B42B7C5006029A8 /* Queue.swift */; };
		CFB081B62B42C063006029A8 /* QueueArray.swift in Sources */ = {isa = PBXBuildFile; fileRef = CFB081B52B42C063006029A8 /* QueueArray.swift */; };
		CFB081B82B42C0BF006029A8 /* QueueArrayTests.swift in Sources */ = {isa = PBXBuildFile; fileRef = CFB081B72B42C0BF006029A8 /* QueueArrayTests.swift */; };
/* End PBXBuildFile section */

/* Begin PBXCopyFilesBuildPhase section */
		CF3197492B3DDF2B000A56DC /* CopyFiles */ = {
			isa = PBXCopyFilesBuildPhase;
			buildActionMask = 2147483647;
			dstPath = /usr/share/man/man1/;
			dstSubfolderSpec = 0;
			files = (
			);
			runOnlyForDeploymentPostprocessing = 1;
		};
/* End PBXCopyFilesBuildPhase section */

/* Begin PBXFileReference section */
		CF31974B2B3DDF2B000A56DC /* DataStructures */ = {isa = PBXFileReference; explicitFileType = "compiled.mach-o.executable"; includeInIndex = 0; path = DataStructures; sourceTree = BUILT_PRODUCTS_DIR; };
		CF31974E2B3DDF2B000A56DC /* main.swift */ = {isa = PBXFileReference; lastKnownFileType = sourcecode.swift; path = main.swift; sourceTree = "<group>"; };
		CF3197552B3DDF37000A56DC /* LinkedList.swift */ = {isa = PBXFileReference; lastKnownFileType = sourcecode.swift; path = LinkedList.swift; sourceTree = "<group>"; };
		CF3197572B3DDF4F000A56DC /* Node.swift */ = {isa = PBXFileReference; lastKnownFileType = sourcecode.swift; path = Node.swift; sourceTree = "<group>"; };
		CF3197592B3DDF6C000A56DC /* LinkedListTests.swift */ = {isa = PBXFileReference; lastKnownFileType = sourcecode.swift; path = LinkedListTests.swift; sourceTree = "<group>"; };
		CF5C868B2B56C96100C16A11 /* QueueLinkedList.swift */ = {isa = PBXFileReference; lastKnownFileType = sourcecode.swift; path = QueueLinkedList.swift; sourceTree = "<group>"; };
		CF5C86912B56CA8E00C16A11 /* DoublyLinkedList.swift */ = {isa = PBXFileReference; lastKnownFileType = sourcecode.swift; path = DoublyLinkedList.swift; sourceTree = "<group>"; };
		CF5C86932B56CCD900C16A11 /* DoublyLinkedList.Node.swift */ = {isa = PBXFileReference; lastKnownFileType = sourcecode.swift; path = DoublyLinkedList.Node.swift; sourceTree = "<group>"; };
		CF5C86952B56D18300C16A11 /* QueueLinkedListTests.swift */ = {isa = PBXFileReference; lastKnownFileType = sourcecode.swift; path = QueueLinkedListTests.swift; sourceTree = "<group>"; };
		CF5C86982B583F1A00C16A11 /* RingBuffer.swift */ = {isa = PBXFileReference; lastKnownFileType = sourcecode.swift; path = RingBuffer.swift; sourceTree = "<group>"; };
		CF5C869B2B5844EA00C16A11 /* QueueRingBuffer.swift */ = {isa = PBXFileReference; lastKnownFileType = sourcecode.swift; path = QueueRingBuffer.swift; sourceTree = "<group>"; };
		CFB081AE2B40324F006029A8 /* Stack.swift */ = {isa = PBXFileReference; lastKnownFileType = sourcecode.swift; path = Stack.swift; sourceTree = "<group>"; };
		CFB081B02B40326E006029A8 /* StackTests.swift */ = {isa = PBXFileReference; lastKnownFileType = sourcecode.swift; path = StackTests.swift; sourceTree = "<group>"; };
		CFB081B32B42B7C5006029A8 /* Queue.swift */ = {isa = PBXFileReference; lastKnownFileType = sourcecode.swift; path = Queue.swift; sourceTree = "<group>"; };
		CFB081B52B42C063006029A8 /* QueueArray.swift */ = {isa = PBXFileReference; lastKnownFileType = sourcecode.swift; path = QueueArray.swift; sourceTree = "<group>"; };
		CFB081B72B42C0BF006029A8 /* QueueArrayTests.swift */ = {isa = PBXFileReference; lastKnownFileType = sourcecode.swift; path = QueueArrayTests.swift; sourceTree = "<group>"; };
/* End PBXFileReference section */

/* Begin PBXFrameworksBuildPhase section */
		CF3197482B3DDF2B000A56DC /* Frameworks */ = {
			isa = PBXFrameworksBuildPhase;
			buildActionMask = 2147483647;
			files = (
			);
			runOnlyForDeploymentPostprocessing = 0;
		};
/* End PBXFrameworksBuildPhase section */

/* Begin PBXGroup section */
		CF3197422B3DDF2B000A56DC = {
			isa = PBXGroup;
			children = (
				CF31974E2B3DDF2B000A56DC /* main.swift */,
				CF5C86902B56CA8700C16A11 /* DoublyLinkedList */,
				CFB081AC2B403219006029A8 /* LinkedList */,
				CF5C86972B583F0A00C16A11 /* RingBuffer */,
				CFB081AD2B40323F006029A8 /* Stack */,
				CFB081B22B42B7B0006029A8 /* Queue */,
				CF31974C2B3DDF2B000A56DC /* Products */,
			);
			sourceTree = "<group>";
		};
		CF31974C2B3DDF2B000A56DC /* Products */ = {
			isa = PBXGroup;
			children = (
				CF31974B2B3DDF2B000A56DC /* DataStructures */,
			);
			name = Products;
			sourceTree = "<group>";
		};
		CF5C868A2B56C94E00C16A11 /* LinkedList */ = {
			isa = PBXGroup;
			children = (
				CF5C868B2B56C96100C16A11 /* QueueLinkedList.swift */,
				CF5C86952B56D18300C16A11 /* QueueLinkedListTests.swift */,
			);
			path = LinkedList;
			sourceTree = "<group>";
		};
		CF5C86902B56CA8700C16A11 /* DoublyLinkedList */ = {
			isa = PBXGroup;
			children = (
				CF5C86912B56CA8E00C16A11 /* DoublyLinkedList.swift */,
				CF5C86932B56CCD900C16A11 /* DoublyLinkedList.Node.swift */,
			);
			path = DoublyLinkedList;
			sourceTree = "<group>";
		};
		CF5C86972B583F0A00C16A11 /* RingBuffer */ = {
			isa = PBXGroup;
			children = (
				CF5C86982B583F1A00C16A11 /* RingBuffer.swift */,
			);
			path = RingBuffer;
			sourceTree = "<group>";
		};
		CF5C869A2B58447000C16A11 /* RingBuffer */ = {
			isa = PBXGroup;
			children = (
				CF5C869B2B5844EA00C16A11 /* QueueRingBuffer.swift */,
			);
			path = RingBuffer;
			sourceTree = "<group>";
		};
		CFB081AC2B403219006029A8 /* LinkedList */ = {
			isa = PBXGroup;
			children = (
				CF3197552B3DDF37000A56DC /* LinkedList.swift */,
				CF3197572B3DDF4F000A56DC /* Node.swift */,
				CF3197592B3DDF6C000A56DC /* LinkedListTests.swift */,
			);
			path = LinkedList;
			sourceTree = "<group>";
		};
		CFB081AD2B40323F006029A8 /* Stack */ = {
			isa = PBXGroup;
			children = (
				CFB081AE2B40324F006029A8 /* Stack.swift */,
				CFB081B02B40326E006029A8 /* StackTests.swift */,
			);
			path = Stack;
			sourceTree = "<group>";
		};
		CFB081B22B42B7B0006029A8 /* Queue */ = {
			isa = PBXGroup;
			children = (
				CFB081B32B42B7C5006029A8 /* Queue.swift */,
				CFB081B92B42DA04006029A8 /* Array */,
				CF5C868A2B56C94E00C16A11 /* LinkedList */,
				CF5C869A2B58447000C16A11 /* RingBuffer */,
			);
			path = Queue;
			sourceTree = "<group>";
		};
		CFB081B92B42DA04006029A8 /* Array */ = {
			isa = PBXGroup;
			children = (
				CFB081B52B42C063006029A8 /* QueueArray.swift */,
				CFB081B72B42C0BF006029A8 /* QueueArrayTests.swift */,
			);
			path = Array;
			sourceTree = "<group>";
		};
/* End PBXGroup section */

/* Begin PBXNativeTarget section */
		CF31974A2B3DDF2B000A56DC /* DataStructures */ = {
			isa = PBXNativeTarget;
			buildConfigurationList = CF3197522B3DDF2B000A56DC /* Build configuration list for PBXNativeTarget "DataStructures" */;
			buildPhases = (
				CF3197472B3DDF2B000A56DC /* Sources */,
				CF3197482B3DDF2B000A56DC /* Frameworks */,
				CF3197492B3DDF2B000A56DC /* CopyFiles */,
			);
			buildRules = (
			);
			dependencies = (
			);
			name = DataStructures;
			productName = LinkedList;
			productReference = CF31974B2B3DDF2B000A56DC /* DataStructures */;
			productType = "com.apple.product-type.tool";
		};
/* End PBXNativeTarget section */

/* Begin PBXProject section */
		CF3197432B3DDF2B000A56DC /* Project object */ = {
			isa = PBXProject;
			attributes = {
				BuildIndependentTargetsInParallel = 1;
				LastSwiftUpdateCheck = 1510;
				LastUpgradeCheck = 1510;
				TargetAttributes = {
					CF31974A2B3DDF2B000A56DC = {
						CreatedOnToolsVersion = 15.1;
					};
				};
			};
			buildConfigurationList = CF3197462B3DDF2B000A56DC /* Build configuration list for PBXProject "DataStructures" */;
			compatibilityVersion = "Xcode 14.0";
			developmentRegion = en;
			hasScannedForEncodings = 0;
			knownRegions = (
				en,
				Base,
			);
			mainGroup = CF3197422B3DDF2B000A56DC;
			productRefGroup = CF31974C2B3DDF2B000A56DC /* Products */;
			projectDirPath = "";
			projectRoot = "";
			targets = (
				CF31974A2B3DDF2B000A56DC /* DataStructures */,
			);
		};
/* End PBXProject section */

/* Begin PBXSourcesBuildPhase section */
		CF3197472B3DDF2B000A56DC /* Sources */ = {
			isa = PBXSourcesBuildPhase;
			buildActionMask = 2147483647;
			files = (
				CF3197582B3DDF4F000A56DC /* Node.swift in Sources */,
				CFB081B82B42C0BF006029A8 /* QueueArrayTests.swift in Sources */,
				CF5C86962B56D18300C16A11 /* QueueLinkedListTests.swift in Sources */,
				CFB081B42B42B7C5006029A8 /* Queue.swift in Sources */,
				CF5C86922B56CA8E00C16A11 /* DoublyLinkedList.swift in Sources */,
				CF5C86992B583F1A00C16A11 /* RingBuffer.swift in Sources */,
				CF5C869C2B5844EA00C16A11 /* QueueRingBuffer.swift in Sources */,
				CFB081AF2B40324F006029A8 /* Stack.swift in Sources */,
				CFB081B12B40326E006029A8 /* StackTests.swift in Sources */,
				CF3197562B3DDF37000A56DC /* LinkedList.swift in Sources */,
				CF31975A2B3DDF6C000A56DC /* LinkedListTests.swift in Sources */,
				CF5C86942B56CCD900C16A11 /* DoublyLinkedList.Node.swift in Sources */,
				CF31974F2B3DDF2B000A56DC /* main.swift in Sources */,
				CF5C868C2B56C96100C16A11 /* QueueLinkedList.swift in Sources */,
				CFB081B62B42C063006029A8 /* QueueArray.swift in Sources */,
			);
			runOnlyForDeploymentPostprocessing = 0;
		};
/* End PBXSourcesBuildPhase section */

/* Begin XCBuildConfiguration section */
		CF3197502B3DDF2B000A56DC /* Debug */ = {
			isa = XCBuildConfiguration;
			buildSettings = {
				ALWAYS_SEARCH_USER_PATHS = NO;
				ASSETCATALOG_COMPILER_GENERATE_SWIFT_ASSET_SYMBOL_EXTENSIONS = YES;
				CLANG_ANALYZER_NONNULL = YES;
				CLANG_ANALYZER_NUMBER_OBJECT_CONVERSION = YES_AGGRESSIVE;
				CLANG_CXX_LANGUAGE_STANDARD = "gnu++20";
				CLANG_ENABLE_MODULES = YES;
				CLANG_ENABLE_OBJC_ARC = YES;
				CLANG_ENABLE_OBJC_WEAK = YES;
				CLANG_WARN_BLOCK_CAPTURE_AUTORELEASING = YES;
				CLANG_WARN_BOOL_CONVERSION = YES;
				CLANG_WARN_COMMA = YES;
				CLANG_WARN_CONSTANT_CONVERSION = YES;
				CLANG_WARN_DEPRECATED_OBJC_IMPLEMENTATIONS = YES;
				CLANG_WARN_DIRECT_OBJC_ISA_USAGE = YES_ERROR;
				CLANG_WARN_DOCUMENTATION_COMMENTS = YES;
				CLANG_WARN_EMPTY_BODY = YES;
				CLANG_WARN_ENUM_CONVERSION = YES;
				CLANG_WARN_INFINITE_RECURSION = YES;
				CLANG_WARN_INT_CONVERSION = YES;
				CLANG_WARN_NON_LITERAL_NULL_CONVERSION = YES;
				CLANG_WARN_OBJC_IMPLICIT_RETAIN_SELF = YES;
				CLANG_WARN_OBJC_LITERAL_CONVERSION = YES;
				CLANG_WARN_OBJC_ROOT_CLASS = YES_ERROR;
				CLANG_WARN_QUOTED_INCLUDE_IN_FRAMEWORK_HEADER = YES;
				CLANG_WARN_RANGE_LOOP_ANALYSIS = YES;
				CLANG_WARN_STRICT_PROTOTYPES = YES;
				CLANG_WARN_SUSPICIOUS_MOVE = YES;
				CLANG_WARN_UNGUARDED_AVAILABILITY = YES_AGGRESSIVE;
				CLANG_WARN_UNREACHABLE_CODE = YES;
				CLANG_WARN__DUPLICATE_METHOD_MATCH = YES;
				COPY_PHASE_STRIP = NO;
				DEBUG_INFORMATION_FORMAT = dwarf;
				ENABLE_STRICT_OBJC_MSGSEND = YES;
				ENABLE_TESTABILITY = YES;
				ENABLE_USER_SCRIPT_SANDBOXING = YES;
				GCC_C_LANGUAGE_STANDARD = gnu17;
				GCC_DYNAMIC_NO_PIC = NO;
				GCC_NO_COMMON_BLOCKS = YES;
				GCC_OPTIMIZATION_LEVEL = 0;
				GCC_PREPROCESSOR_DEFINITIONS = (
					"DEBUG=1",
					"$(inherited)",
				);
				GCC_WARN_64_TO_32_BIT_CONVERSION = YES;
				GCC_WARN_ABOUT_RETURN_TYPE = YES_ERROR;
				GCC_WARN_UNDECLARED_SELECTOR = YES;
				GCC_WARN_UNINITIALIZED_AUTOS = YES_AGGRESSIVE;
				GCC_WARN_UNUSED_FUNCTION = YES;
				GCC_WARN_UNUSED_VARIABLE = YES;
				LOCALIZATION_PREFERS_STRING_CATALOGS = YES;
				MACOSX_DEPLOYMENT_TARGET = 14.1;
				MTL_ENABLE_DEBUG_INFO = INCLUDE_SOURCE;
				MTL_FAST_MATH = YES;
				ONLY_ACTIVE_ARCH = YES;
				SDKROOT = macosx;
				SWIFT_ACTIVE_COMPILATION_CONDITIONS = "DEBUG $(inherited)";
				SWIFT_OPTIMIZATION_LEVEL = "-Onone";
			};
			name = Debug;
		};
		CF3197512B3DDF2B000A56DC /* Release */ = {
			isa = XCBuildConfiguration;
			buildSettings = {
				ALWAYS_SEARCH_USER_PATHS = NO;
				ASSETCATALOG_COMPILER_GENERATE_SWIFT_ASSET_SYMBOL_EXTENSIONS = YES;
				CLANG_ANALYZER_NONNULL = YES;
				CLANG_ANALYZER_NUMBER_OBJECT_CONVERSION = YES_AGGRESSIVE;
				CLANG_CXX_LANGUAGE_STANDARD = "gnu++20";
				CLANG_ENABLE_MODULES = YES;
				CLANG_ENABLE_OBJC_ARC = YES;
				CLANG_ENABLE_OBJC_WEAK = YES;
				CLANG_WARN_BLOCK_CAPTURE_AUTORELEASING = YES;
				CLANG_WARN_BOOL_CONVERSION = YES;
				CLANG_WARN_COMMA = YES;
				CLANG_WARN_CONSTANT_CONVERSION = YES;
				CLANG_WARN_DEPRECATED_OBJC_IMPLEMENTATIONS = YES;
				CLANG_WARN_DIRECT_OBJC_ISA_USAGE = YES_ERROR;
				CLANG_WARN_DOCUMENTATION_COMMENTS = YES;
				CLANG_WARN_EMPTY_BODY = YES;
				CLANG_WARN_ENUM_CONVERSION = YES;
				CLANG_WARN_INFINITE_RECURSION = YES;
				CLANG_WARN_INT_CONVERSION = YES;
				CLANG_WARN_NON_LITERAL_NULL_CONVERSION = YES;
				CLANG_WARN_OBJC_IMPLICIT_RETAIN_SELF = YES;
				CLANG_WARN_OBJC_LITERAL_CONVERSION = YES;
				CLANG_WARN_OBJC_ROOT_CLASS = YES_ERROR;
				CLANG_WARN_QUOTED_INCLUDE_IN_FRAMEWORK_HEADER = YES;
				CLANG_WARN_RANGE_LOOP_ANALYSIS = YES;
				CLANG_WARN_STRICT_PROTOTYPES = YES;
				CLANG_WARN_SUSPICIOUS_MOVE = YES;
				CLANG_WARN_UNGUARDED_AVAILABILITY = YES_AGGRESSIVE;
				CLANG_WARN_UNREACHABLE_CODE = YES;
				CLANG_WARN__DUPLICATE_METHOD_MATCH = YES;
				COPY_PHASE_STRIP = NO;
				DEBUG_INFORMATION_FORMAT = "dwarf-with-dsym";
				ENABLE_NS_ASSERTIONS = NO;
				ENABLE_STRICT_OBJC_MSGSEND = YES;
				ENABLE_USER_SCRIPT_SANDBOXING = YES;
				GCC_C_LANGUAGE_STANDARD = gnu17;
				GCC_NO_COMMON_BLOCKS = YES;
				GCC_WARN_64_TO_32_BIT_CONVERSION = YES;
				GCC_WARN_ABOUT_RETURN_TYPE = YES_ERROR;
				GCC_WARN_UNDECLARED_SELECTOR = YES;
				GCC_WARN_UNINITIALIZED_AUTOS = YES_AGGRESSIVE;
				GCC_WARN_UNUSED_FUNCTION = YES;
				GCC_WARN_UNUSED_VARIABLE = YES;
				LOCALIZATION_PREFERS_STRING_CATALOGS = YES;
				MACOSX_DEPLOYMENT_TARGET = 14.1;
				MTL_ENABLE_DEBUG_INFO = NO;
				MTL_FAST_MATH = YES;
				SDKROOT = macosx;
				SWIFT_COMPILATION_MODE = wholemodule;
			};
			name = Release;
		};
		CF3197532B3DDF2B000A56DC /* Debug */ = {
			isa = XCBuildConfiguration;
			buildSettings = {
				CODE_SIGN_STYLE = Automatic;
				DEVELOPMENT_TEAM = 73YFFUD89Y;
				ENABLE_HARDENED_RUNTIME = YES;
				PRODUCT_NAME = "$(TARGET_NAME)";
				SWIFT_VERSION = 5.0;
			};
			name = Debug;
		};
		CF3197542B3DDF2B000A56DC /* Release */ = {
			isa = XCBuildConfiguration;
			buildSettings = {
				CODE_SIGN_STYLE = Automatic;
				DEVELOPMENT_TEAM = 73YFFUD89Y;
				ENABLE_HARDENED_RUNTIME = YES;
				PRODUCT_NAME = "$(TARGET_NAME)";
				SWIFT_VERSION = 5.0;
			};
			name = Release;
		};
/* End XCBuildConfiguration section */

/* Begin XCConfigurationList section */
		CF3197462B3DDF2B000A56DC /* Build configuration list for PBXProject "DataStructures" */ = {
			isa = XCConfigurationList;
			buildConfigurations = (
				CF3197502B3DDF2B000A56DC /* Debug */,
				CF3197512B3DDF2B000A56DC /* Release */,
			);
			defaultConfigurationIsVisible = 0;
			defaultConfigurationName = Release;
		};
		CF3197522B3DDF2B000A56DC /* Build configuration list for PBXNativeTarget "DataStructures" */ = {
			isa = XCConfigurationList;
			buildConfigurations = (
				CF3197532B3DDF2B000A56DC /* Debug */,
				CF3197542B3DDF2B000A56DC /* Release */,
			);
			defaultConfigurationIsVisible = 0;
			defaultConfigurationName = Release;
		};
/* End XCConfigurationList section */
	};
	rootObject = CF3197432B3DDF2B000A56DC /* Project object */;
}
